
Microsoft Visual Studio Solution File, Format Version 12.00
# Visual Studio Version 17
VisualStudioVersion = 17.0.32002.185
MinimumVisualStudioVersion = 10.0.40219.1
Project("{FAE04EC0-301F-11D3-BF4B-00C04F79EFBC}") = "OneCodeRebsAPI", "OneCodeRebsAPI\OneCodeRebsAPI.csproj", "{B81573BD-2E01-430C-A271-EEC9399E5C0E}"
EndProject
Project("{FAE04EC0-301F-11D3-BF4B-00C04F79EFBC}") = "OneCodeRebs.Models", "OneCodeRebs.Models\OneCodeRebs.Models.csproj", "{CF607008-1CAF-46A3-992D-01D292652F4D}"
EndProject
Project("{FAE04EC0-301F-11D3-BF4B-00C04F79EFBC}") = "OneCodeRebs.Repository", "OneCodeRebs.Repository\OneCodeRebs.Repository.csproj", "{7F19AEA6-DF14-44F1-811A-9ED2A4E96065}"
EndProject
Global
	GlobalSection(SolutionConfigurationPlatforms) = preSolution
		Debug|Any CPU = Debug|Any CPU
		Release|Any CPU = Release|Any CPU
	EndGlobalSection
	GlobalSection(ProjectConfigurationPlatforms) = postSolution
		{B81573BD-2E01-430C-A271-EEC9399E5C0E}.Debug|Any CPU.ActiveCfg = Debug|Any CPU
		{B81573BD-2E01-430C-A271-EEC9399E5C0E}.Debug|Any CPU.Build.0 = Debug|Any CPU
		{B81573BD-2E01-430C-A271-EEC9399E5C0E}.Release|Any CPU.ActiveCfg = Release|Any CPU
		{B81573BD-2E01-430C-A271-EEC9399E5C0E}.Release|Any CPU.Build.0 = Release|Any CPU
		{CF607008-1CAF-46A3-992D-01D292652F4D}.Debug|Any CPU.ActiveCfg = Debug|Any CPU
		{CF607008-1CAF-46A3-992D-01D292652F4D}.Debug|Any CPU.Build.0 = Debug|Any CPU
		{CF607008-1CAF-46A3-992D-01D292652F4D}.Release|Any CPU.ActiveCfg = Release|Any CPU
		{CF607008-1CAF-46A3-992D-01D292652F4D}.Release|Any CPU.Build.0 = Release|Any CPU
		{7F19AEA6-DF14-44F1-811A-9ED2A4E96065}.Debug|Any CPU.ActiveCfg = Debug|Any CPU
		{7F19AEA6-DF14-44F1-811A-9ED2A4E96065}.Debug|Any CPU.Build.0 = Debug|Any CPU
		{7F19AEA6-DF14-44F1-811A-9ED2A4E96065}.Release|Any CPU.ActiveCfg = Release|Any CPU
		{7F19AEA6-DF14-44F1-811A-9ED2A4E96065}.Release|Any CPU.Build.0 = Release|Any CPU
	EndGlobalSection
	GlobalSection(SolutionProperties) = preSolution
		HideSolutionNode = FALSE
	EndGlobalSection
	GlobalSection(ExtensibilityGlobals) = postSolution
		SolutionGuid = {312FFA64-E426-4B1C-9524-0339AD5164CD}
	EndGlobalSection
EndGlobal
